
Microsoft Visual Studio Solution File, Format Version 12.00
# Visual Studio Version 17
VisualStudioVersion = 17.5.33414.496
MinimumVisualStudioVersion = 10.0.40219.1
Project("{FAE04EC0-301F-11D3-BF4B-00C04F79EFBC}") = "webapp12", "webapp12.csproj", "{3FA80C50-E8D6-4E5D-8097-3BA56FB25555}"
EndProject
Global
	GlobalSection(SolutionConfigurationPlatforms) = preSolution
		Debug|Any CPU = Debug|Any CPU
		Release|Any CPU = Release|Any CPU
	EndGlobalSection
	GlobalSection(ProjectConfigurationPlatforms) = postSolution
		{3FA80C50-E8D6-4E5D-8097-3BA56FB25555}.Debug|Any CPU.ActiveCfg = Debug|Any CPU
		{3FA80C50-E8D6-4E5D-8097-3BA56FB25555}.Debug|Any CPU.Build.0 = Debug|Any CPU
		{3FA80C50-E8D6-4E5D-8097-3BA56FB25555}.Release|Any CPU.ActiveCfg = Release|Any CPU
		{3FA80C50-E8D6-4E5D-8097-3BA56FB25555}.Release|Any CPU.Build.0 = Release|Any CPU
	EndGlobalSection
	GlobalSection(SolutionProperties) = preSolution
		HideSolutionNode = FALSE
	EndGlobalSection
	GlobalSection(ExtensibilityGlobals) = postSolution
		SolutionGuid = {A55A883C-44EF-437C-BEEB-486A8871BCF5}
	EndGlobalSection
EndGlobal
